
Microsoft Visual Studio Solution File, Format Version 12.00
# Visual Studio Version 17
VisualStudioVersion = 17.9.34728.123
MinimumVisualStudioVersion = 10.0.40219.1
Project("{FAE04EC0-301F-11D3-BF4B-00C04F79EFBC}") = "Delivery", "Delivery.csproj", "{9468D2F6-F9F6-4787-9814-AE7D8AB3D9CE}"
EndProject
Global
	GlobalSection(SolutionConfigurationPlatforms) = preSolution
		Debug|Any CPU = Debug|Any CPU
		Release|Any CPU = Release|Any CPU
	EndGlobalSection
	GlobalSection(ProjectConfigurationPlatforms) = postSolution
		{9468D2F6-F9F6-4787-9814-AE7D8AB3D9CE}.Debug|Any CPU.ActiveCfg = Debug|Any CPU
		{9468D2F6-F9F6-4787-9814-AE7D8AB3D9CE}.Debug|Any CPU.Build.0 = Debug|Any CPU
		{9468D2F6-F9F6-4787-9814-AE7D8AB3D9CE}.Release|Any CPU.ActiveCfg = Release|Any CPU
		{9468D2F6-F9F6-4787-9814-AE7D8AB3D9CE}.Release|Any CPU.Build.0 = Release|Any CPU
	EndGlobalSection
	GlobalSection(SolutionProperties) = preSolution
		HideSolutionNode = FALSE
	EndGlobalSection
	GlobalSection(ExtensibilityGlobals) = postSolution
		SolutionGuid = {96B968CB-D025-4241-A433-E88AE5A9D2D4}
	EndGlobalSection
EndGlobal
